// !$*UTF8*$!
{
	archiveVersion = 1;
	classes = {
	};
	objectVersion = 50;
	objects = {

/* Begin PBXBuildFile section */
		9F052B1B212BAD7E00E53DE6 /* shader.cpp in Sources */ = {isa = PBXBuildFile; fileRef = 9F052B19212BAD7E00E53DE6 /* shader.cpp */; };
		9F052B1C212BAE2F00E53DE6 /* main.cpp in Sources */ = {isa = PBXBuildFile; fileRef = 9F5DDFB52128F3A30071CBC7 /* main.cpp */; };
		9F052B1F212BBB4200E53DE6 /* sphere.cpp in Sources */ = {isa = PBXBuildFile; fileRef = 9F052B1D212BBB4200E53DE6 /* sphere.cpp */; };
		9F052B22212C5C7E00E53DE6 /* TimeStepper.cpp in Sources */ = {isa = PBXBuildFile; fileRef = 9F052B20212C5C7E00E53DE6 /* TimeStepper.cpp */; };
		9F052B25212C606600E53DE6 /* plane.cpp in Sources */ = {isa = PBXBuildFile; fileRef = 9F052B23212C606600E53DE6 /* plane.cpp */; };
		9F052B28212C632900E53DE6 /* theme.cpp in Sources */ = {isa = PBXBuildFile; fileRef = 9F052B26212C632900E53DE6 /* theme.cpp */; };
		9F5DDFC02128F3B30071CBC7 /* GLKit.framework in Frameworks */ = {isa = PBXBuildFile; fileRef = 9F5DDFBD2128F3B30071CBC7 /* GLKit.framework */; };
		9F5DDFC12128F3B30071CBC7 /* OpenGL.framework in Frameworks */ = {isa = PBXBuildFile; fileRef = 9F5DDFBE2128F3B30071CBC7 /* OpenGL.framework */; };
		9F5DDFC22128F3B30071CBC7 /* GLUT.framework in Frameworks */ = {isa = PBXBuildFile; fileRef = 9F5DDFBF2128F3B30071CBC7 /* GLUT.framework */; };
		9F5DDFC52128F5590071CBC7 /* libglfw.3.2.dylib in Frameworks */ = {isa = PBXBuildFile; fileRef = 9F5DDFC32128F5590071CBC7 /* libglfw.3.2.dylib */; };
		9F5DDFC62128F5590071CBC7 /* libGLEW.2.1.0.dylib in Frameworks */ = {isa = PBXBuildFile; fileRef = 9F5DDFC42128F5590071CBC7 /* libGLEW.2.1.0.dylib */; };
		9F5DDFC9212B0EC30071CBC7 /* ShaderProgram.cpp in Sources */ = {isa = PBXBuildFile; fileRef = 9F5DDFC7212B0EC30071CBC7 /* ShaderProgram.cpp */; };
		9F5DDFCD212B10F20071CBC7 /* ColorShader.cpp in Sources */ = {isa = PBXBuildFile; fileRef = 9F5DDFCB212B0F6D0071CBC7 /* ColorShader.cpp */; };
/* End PBXBuildFile section */

/* Begin PBXCopyFilesBuildPhase section */
		9F5DDFB02128F3A30071CBC7 /* CopyFiles */ = {
			isa = PBXCopyFilesBuildPhase;
			buildActionMask = 2147483647;
			dstPath = /usr/share/man/man1/;
			dstSubfolderSpec = 0;
			files = (
			);
			runOnlyForDeploymentPostprocessing = 1;
		};
/* End PBXCopyFilesBuildPhase section */

/* Begin PBXFileReference section */
		9F052B19212BAD7E00E53DE6 /* shader.cpp */ = {isa = PBXFileReference; fileEncoding = 4; lastKnownFileType = sourcecode.cpp.cpp; path = shader.cpp; sourceTree = "<group>"; };
		9F052B1A212BAD7E00E53DE6 /* shader.hpp */ = {isa = PBXFileReference; fileEncoding = 4; lastKnownFileType = sourcecode.cpp.h; path = shader.hpp; sourceTree = "<group>"; };
		9F052B1D212BBB4200E53DE6 /* sphere.cpp */ = {isa = PBXFileReference; lastKnownFileType = sourcecode.cpp.cpp; path = sphere.cpp; sourceTree = "<group>"; };
		9F052B1E212BBB4200E53DE6 /* sphere.hpp */ = {isa = PBXFileReference; lastKnownFileType = sourcecode.cpp.h; path = sphere.hpp; sourceTree = "<group>"; };
		9F052B20212C5C7E00E53DE6 /* TimeStepper.cpp */ = {isa = PBXFileReference; lastKnownFileType = sourcecode.cpp.cpp; path = TimeStepper.cpp; sourceTree = "<group>"; };
		9F052B21212C5C7E00E53DE6 /* TimeStepper.hpp */ = {isa = PBXFileReference; lastKnownFileType = sourcecode.cpp.h; path = TimeStepper.hpp; sourceTree = "<group>"; };
		9F052B23212C606600E53DE6 /* plane.cpp */ = {isa = PBXFileReference; lastKnownFileType = sourcecode.cpp.cpp; path = plane.cpp; sourceTree = "<group>"; };
		9F052B24212C606600E53DE6 /* plane.hpp */ = {isa = PBXFileReference; lastKnownFileType = sourcecode.cpp.h; path = plane.hpp; sourceTree = "<group>"; };
		9F052B26212C632900E53DE6 /* theme.cpp */ = {isa = PBXFileReference; lastKnownFileType = sourcecode.cpp.cpp; path = theme.cpp; sourceTree = "<group>"; };
		9F052B27212C632900E53DE6 /* theme.hpp */ = {isa = PBXFileReference; lastKnownFileType = sourcecode.cpp.h; path = theme.hpp; sourceTree = "<group>"; };
		9F5DDFB22128F3A30071CBC7 /* Simulation */ = {isa = PBXFileReference; explicitFileType = "compiled.mach-o.executable"; includeInIndex = 0; path = Simulation; sourceTree = BUILT_PRODUCTS_DIR; };
		9F5DDFB52128F3A30071CBC7 /* main.cpp */ = {isa = PBXFileReference; lastKnownFileType = sourcecode.cpp.cpp; path = main.cpp; sourceTree = "<group>"; };
		9F5DDFBD2128F3B30071CBC7 /* GLKit.framework */ = {isa = PBXFileReference; lastKnownFileType = wrapper.framework; name = GLKit.framework; path = System/Library/Frameworks/GLKit.framework; sourceTree = SDKROOT; };
		9F5DDFBE2128F3B30071CBC7 /* OpenGL.framework */ = {isa = PBXFileReference; lastKnownFileType = wrapper.framework; name = OpenGL.framework; path = System/Library/Frameworks/OpenGL.framework; sourceTree = SDKROOT; };
		9F5DDFBF2128F3B30071CBC7 /* GLUT.framework */ = {isa = PBXFileReference; lastKnownFileType = wrapper.framework; name = GLUT.framework; path = System/Library/Frameworks/GLUT.framework; sourceTree = SDKROOT; };
		9F5DDFC32128F5590071CBC7 /* libglfw.3.2.dylib */ = {isa = PBXFileReference; lastKnownFileType = "compiled.mach-o.dylib"; name = libglfw.3.2.dylib; path = ../../../../../usr/local/Cellar/glfw/3.2.1/lib/libglfw.3.2.dylib; sourceTree = "<group>"; };
		9F5DDFC42128F5590071CBC7 /* libGLEW.2.1.0.dylib */ = {isa = PBXFileReference; lastKnownFileType = "compiled.mach-o.dylib"; name = libGLEW.2.1.0.dylib; path = ../../../../../usr/local/Cellar/glew/2.1.0/lib/libGLEW.2.1.0.dylib; sourceTree = "<group>"; };
		9F5DDFC7212B0EC30071CBC7 /* ShaderProgram.cpp */ = {isa = PBXFileReference; lastKnownFileType = sourcecode.cpp.cpp; path = ShaderProgram.cpp; sourceTree = "<group>"; };
		9F5DDFC8212B0EC30071CBC7 /* ShaderProgram.hpp */ = {isa = PBXFileReference; lastKnownFileType = sourcecode.cpp.h; path = ShaderProgram.hpp; sourceTree = "<group>"; };
		9F5DDFCA212B0F6D0071CBC7 /* ColorShader.hpp */ = {isa = PBXFileReference; lastKnownFileType = sourcecode.cpp.h; path = ColorShader.hpp; sourceTree = "<group>"; };
		9F5DDFCB212B0F6D0071CBC7 /* ColorShader.cpp */ = {isa = PBXFileReference; lastKnownFileType = sourcecode.cpp.cpp; path = ColorShader.cpp; sourceTree = "<group>"; };
		9F5DDFCF212B11CC0071CBC7 /* color_render.vert */ = {isa = PBXFileReference; lastKnownFileType = sourcecode.glsl; path = color_render.vert; sourceTree = "<group>"; };
		9F5DDFD0212B11DB0071CBC7 /* color_render.frag */ = {isa = PBXFileReference; lastKnownFileType = sourcecode.glsl; path = color_render.frag; sourceTree = "<group>"; };
/* End PBXFileReference section */

/* Begin PBXFrameworksBuildPhase section */
		9F5DDFAF2128F3A30071CBC7 /* Frameworks */ = {
			isa = PBXFrameworksBuildPhase;
			buildActionMask = 2147483647;
			files = (
				9F5DDFC52128F5590071CBC7 /* libglfw.3.2.dylib in Frameworks */,
				9F5DDFC62128F5590071CBC7 /* libGLEW.2.1.0.dylib in Frameworks */,
				9F5DDFC02128F3B30071CBC7 /* GLKit.framework in Frameworks */,
				9F5DDFC12128F3B30071CBC7 /* OpenGL.framework in Frameworks */,
				9F5DDFC22128F3B30071CBC7 /* GLUT.framework in Frameworks */,
			);
			runOnlyForDeploymentPostprocessing = 0;
		};
/* End PBXFrameworksBuildPhase section */

/* Begin PBXGroup section */
		9F052B18212BAD4E00E53DE6 /* common */ = {
			isa = PBXGroup;
			children = (
				9F052B19212BAD7E00E53DE6 /* shader.cpp */,
				9F052B1A212BAD7E00E53DE6 /* shader.hpp */,
			);
			path = common;
			sourceTree = "<group>";
		};
		9F5DDFA92128F3A30071CBC7 = {
			isa = PBXGroup;
			children = (
				9F5DDFB42128F3A30071CBC7 /* Simulation */,
				9F5DDFB32128F3A30071CBC7 /* Products */,
				9F5DDFBC2128F3B30071CBC7 /* Frameworks */,
			);
			sourceTree = "<group>";
		};
		9F5DDFB32128F3A30071CBC7 /* Products */ = {
			isa = PBXGroup;
			children = (
				9F5DDFB22128F3A30071CBC7 /* Simulation */,
			);
			name = Products;
			sourceTree = "<group>";
		};
		9F5DDFB42128F3A30071CBC7 /* Simulation */ = {
			isa = PBXGroup;
			children = (
				9F052B18212BAD4E00E53DE6 /* common */,
				9F5DDFCE212B11A20071CBC7 /* shaders */,
				9F5DDFB52128F3A30071CBC7 /* main.cpp */,
				9F5DDFC7212B0EC30071CBC7 /* ShaderProgram.cpp */,
				9F5DDFC8212B0EC30071CBC7 /* ShaderProgram.hpp */,
				9F5DDFCA212B0F6D0071CBC7 /* ColorShader.hpp */,
				9F5DDFCB212B0F6D0071CBC7 /* ColorShader.cpp */,
				9F052B1D212BBB4200E53DE6 /* sphere.cpp */,
				9F052B1E212BBB4200E53DE6 /* sphere.hpp */,
				9F052B20212C5C7E00E53DE6 /* TimeStepper.cpp */,
				9F052B21212C5C7E00E53DE6 /* TimeStepper.hpp */,
				9F052B23212C606600E53DE6 /* plane.cpp */,
				9F052B24212C606600E53DE6 /* plane.hpp */,
				9F052B26212C632900E53DE6 /* theme.cpp */,
				9F052B27212C632900E53DE6 /* theme.hpp */,
			);
			path = Simulation;
			sourceTree = "<group>";
		};
		9F5DDFBC2128F3B30071CBC7 /* Frameworks */ = {
			isa = PBXGroup;
			children = (
				9F5DDFC42128F5590071CBC7 /* libGLEW.2.1.0.dylib */,
				9F5DDFC32128F5590071CBC7 /* libglfw.3.2.dylib */,
				9F5DDFBD2128F3B30071CBC7 /* GLKit.framework */,
				9F5DDFBF2128F3B30071CBC7 /* GLUT.framework */,
				9F5DDFBE2128F3B30071CBC7 /* OpenGL.framework */,
			);
			name = Frameworks;
			sourceTree = "<group>";
		};
		9F5DDFCE212B11A20071CBC7 /* shaders */ = {
			isa = PBXGroup;
			children = (
				9F5DDFCF212B11CC0071CBC7 /* color_render.vert */,
				9F5DDFD0212B11DB0071CBC7 /* color_render.frag */,
			);
			path = shaders;
			sourceTree = "<group>";
		};
/* End PBXGroup section */

/* Begin PBXNativeTarget section */
		9F5DDFB12128F3A30071CBC7 /* Simulation */ = {
			isa = PBXNativeTarget;
			buildConfigurationList = 9F5DDFB92128F3A30071CBC7 /* Build configuration list for PBXNativeTarget "Simulation" */;
			buildPhases = (
				9F5DDFAE2128F3A30071CBC7 /* Sources */,
				9F5DDFAF2128F3A30071CBC7 /* Frameworks */,
				9F5DDFB02128F3A30071CBC7 /* CopyFiles */,
			);
			buildRules = (
			);
			dependencies = (
			);
			name = Simulation;
			productName = Simulation;
			productReference = 9F5DDFB22128F3A30071CBC7 /* Simulation */;
			productType = "com.apple.product-type.tool";
		};
/* End PBXNativeTarget section */

/* Begin PBXProject section */
		9F5DDFAA2128F3A30071CBC7 /* Project object */ = {
			isa = PBXProject;
			attributes = {
				LastUpgradeCheck = 0940;
				ORGANIZATIONNAME = Neil;
				TargetAttributes = {
					9F5DDFB12128F3A30071CBC7 = {
						CreatedOnToolsVersion = 9.4.1;
					};
				};
			};
			buildConfigurationList = 9F5DDFAD2128F3A30071CBC7 /* Build configuration list for PBXProject "Simulation" */;
			compatibilityVersion = "Xcode 9.3";
			developmentRegion = en;
			hasScannedForEncodings = 0;
			knownRegions = (
				en,
			);
			mainGroup = 9F5DDFA92128F3A30071CBC7;
			productRefGroup = 9F5DDFB32128F3A30071CBC7 /* Products */;
			projectDirPath = "";
			projectRoot = "";
			targets = (
				9F5DDFB12128F3A30071CBC7 /* Simulation */,
			);
		};
/* End PBXProject section */

/* Begin PBXSourcesBuildPhase section */
		9F5DDFAE2128F3A30071CBC7 /* Sources */ = {
			isa = PBXSourcesBuildPhase;
			buildActionMask = 2147483647;
			files = (
				9F052B22212C5C7E00E53DE6 /* TimeStepper.cpp in Sources */,
				9F5DDFC9212B0EC30071CBC7 /* ShaderProgram.cpp in Sources */,
				9F052B25212C606600E53DE6 /* plane.cpp in Sources */,
				9F052B1B212BAD7E00E53DE6 /* shader.cpp in Sources */,
				9F052B1C212BAE2F00E53DE6 /* main.cpp in Sources */,
				9F052B28212C632900E53DE6 /* theme.cpp in Sources */,
				9F5DDFCD212B10F20071CBC7 /* ColorShader.cpp in Sources */,
				9F052B1F212BBB4200E53DE6 /* sphere.cpp in Sources */,
			);
			runOnlyForDeploymentPostprocessing = 0;
		};
/* End PBXSourcesBuildPhase section */

/* Begin XCBuildConfiguration section */
		9F5DDFB72128F3A30071CBC7 /* Debug */ = {
			isa = XCBuildConfiguration;
			buildSettings = {
				ALWAYS_SEARCH_USER_PATHS = NO;
				CLANG_ANALYZER_NONNULL = YES;
				CLANG_ANALYZER_NUMBER_OBJECT_CONVERSION = YES_AGGRESSIVE;
				CLANG_CXX_LANGUAGE_STANDARD = "gnu++14";
				CLANG_CXX_LIBRARY = "libc++";
				CLANG_ENABLE_MODULES = YES;
				CLANG_ENABLE_OBJC_ARC = YES;
				CLANG_ENABLE_OBJC_WEAK = YES;
				CLANG_WARN_BLOCK_CAPTURE_AUTORELEASING = YES;
				CLANG_WARN_BOOL_CONVERSION = YES;
				CLANG_WARN_COMMA = YES;
				CLANG_WARN_CONSTANT_CONVERSION = YES;
				CLANG_WARN_DEPRECATED_OBJC_IMPLEMENTATIONS = YES;
				CLANG_WARN_DIRECT_OBJC_ISA_USAGE = YES_ERROR;
				CLANG_WARN_DOCUMENTATION_COMMENTS = YES;
				CLANG_WARN_EMPTY_BODY = YES;
				CLANG_WARN_ENUM_CONVERSION = YES;
				CLANG_WARN_INFINITE_RECURSION = YES;
				CLANG_WARN_INT_CONVERSION = YES;
				CLANG_WARN_NON_LITERAL_NULL_CONVERSION = YES;
				CLANG_WARN_OBJC_IMPLICIT_RETAIN_SELF = YES;
				CLANG_WARN_OBJC_LITERAL_CONVERSION = YES;
				CLANG_WARN_OBJC_ROOT_CLASS = YES_ERROR;
				CLANG_WARN_RANGE_LOOP_ANALYSIS = YES;
				CLANG_WARN_STRICT_PROTOTYPES = YES;
				CLANG_WARN_SUSPICIOUS_MOVE = YES;
				CLANG_WARN_UNGUARDED_AVAILABILITY = YES_AGGRESSIVE;
				CLANG_WARN_UNREACHABLE_CODE = YES;
				CLANG_WARN__DUPLICATE_METHOD_MATCH = YES;
				CODE_SIGN_IDENTITY = "Mac Developer";
				COPY_PHASE_STRIP = NO;
				DEBUG_INFORMATION_FORMAT = dwarf;
				ENABLE_STRICT_OBJC_MSGSEND = YES;
				ENABLE_TESTABILITY = YES;
				GCC_C_LANGUAGE_STANDARD = gnu11;
				GCC_DYNAMIC_NO_PIC = NO;
				GCC_NO_COMMON_BLOCKS = YES;
				GCC_OPTIMIZATION_LEVEL = 0;
				GCC_PREPROCESSOR_DEFINITIONS = (
					"DEBUG=1",
					"$(inherited)",
				);
				GCC_WARN_64_TO_32_BIT_CONVERSION = YES;
				GCC_WARN_ABOUT_RETURN_TYPE = YES_ERROR;
				GCC_WARN_UNDECLARED_SELECTOR = YES;
				GCC_WARN_UNINITIALIZED_AUTOS = YES_AGGRESSIVE;
				GCC_WARN_UNUSED_FUNCTION = YES;
				GCC_WARN_UNUSED_VARIABLE = YES;
				MACOSX_DEPLOYMENT_TARGET = 10.13;
				MTL_ENABLE_DEBUG_INFO = YES;
				ONLY_ACTIVE_ARCH = YES;
				SDKROOT = macosx;
			};
			name = Debug;
		};
		9F5DDFB82128F3A30071CBC7 /* Release */ = {
			isa = XCBuildConfiguration;
			buildSettings = {
				ALWAYS_SEARCH_USER_PATHS = NO;
				CLANG_ANALYZER_NONNULL = YES;
				CLANG_ANALYZER_NUMBER_OBJECT_CONVERSION = YES_AGGRESSIVE;
				CLANG_CXX_LANGUAGE_STANDARD = "gnu++14";
				CLANG_CXX_LIBRARY = "libc++";
				CLANG_ENABLE_MODULES = YES;
				CLANG_ENABLE_OBJC_ARC = YES;
				CLANG_ENABLE_OBJC_WEAK = YES;
				CLANG_WARN_BLOCK_CAPTURE_AUTORELEASING = YES;
				CLANG_WARN_BOOL_CONVERSION = YES;
				CLANG_WARN_COMMA = YES;
				CLANG_WARN_CONSTANT_CONVERSION = YES;
				CLANG_WARN_DEPRECATED_OBJC_IMPLEMENTATIONS = YES;
				CLANG_WARN_DIRECT_OBJC_ISA_USAGE = YES_ERROR;
				CLANG_WARN_DOCUMENTATION_COMMENTS = YES;
				CLANG_WARN_EMPTY_BODY = YES;
				CLANG_WARN_ENUM_CONVERSION = YES;
				CLANG_WARN_INFINITE_RECURSION = YES;
				CLANG_WARN_INT_CONVERSION = YES;
				CLANG_WARN_NON_LITERAL_NULL_CONVERSION = YES;
				CLANG_WARN_OBJC_IMPLICIT_RETAIN_SELF = YES;
				CLANG_WARN_OBJC_LITERAL_CONVERSION = YES;
				CLANG_WARN_OBJC_ROOT_CLASS = YES_ERROR;
				CLANG_WARN_RANGE_LOOP_ANALYSIS = YES;
				CLANG_WARN_STRICT_PROTOTYPES = YES;
				CLANG_WARN_SUSPICIOUS_MOVE = YES;
				CLANG_WARN_UNGUARDED_AVAILABILITY = YES_AGGRESSIVE;
				CLANG_WARN_UNREACHABLE_CODE = YES;
				CLANG_WARN__DUPLICATE_METHOD_MATCH = YES;
				CODE_SIGN_IDENTITY = "Mac Developer";
				COPY_PHASE_STRIP = NO;
				DEBUG_INFORMATION_FORMAT = "dwarf-with-dsym";
				ENABLE_NS_ASSERTIONS = NO;
				ENABLE_STRICT_OBJC_MSGSEND = YES;
				GCC_C_LANGUAGE_STANDARD = gnu11;
				GCC_NO_COMMON_BLOCKS = YES;
				GCC_WARN_64_TO_32_BIT_CONVERSION = YES;
				GCC_WARN_ABOUT_RETURN_TYPE = YES_ERROR;
				GCC_WARN_UNDECLARED_SELECTOR = YES;
				GCC_WARN_UNINITIALIZED_AUTOS = YES_AGGRESSIVE;
				GCC_WARN_UNUSED_FUNCTION = YES;
				GCC_WARN_UNUSED_VARIABLE = YES;
				MACOSX_DEPLOYMENT_TARGET = 10.13;
				MTL_ENABLE_DEBUG_INFO = NO;
				SDKROOT = macosx;
			};
			name = Release;
		};
		9F5DDFBA2128F3A30071CBC7 /* Debug */ = {
			isa = XCBuildConfiguration;
			buildSettings = {
				CODE_SIGN_STYLE = Automatic;
				DEVELOPMENT_TEAM = 7NJR9RQ6TA;
				HEADER_SEARCH_PATHS = (
					/usr/local/Cellar/glfw/3.2.1/include,
					/usr/local/Cellar/glew/2.1.0/include,
					/usr/local/include,
				);
				LIBRARY_SEARCH_PATHS = (
					"$(inherited)",
					/usr/local/Cellar/glfw/3.2.1/lib,
					/usr/local/Cellar/glew/2.1.0/lib,
				);
				PRODUCT_NAME = "$(TARGET_NAME)";
			};
			name = Debug;
		};
		9F5DDFBB2128F3A30071CBC7 /* Release */ = {
			isa = XCBuildConfiguration;
			buildSettings = {
				CODE_SIGN_STYLE = Automatic;
				DEVELOPMENT_TEAM = 7NJR9RQ6TA;
				HEADER_SEARCH_PATHS = (
					/usr/local/Cellar/glfw/3.2.1/include,
					/usr/local/Cellar/glew/2.1.0/include,
					/usr/local/include,
				);
				LIBRARY_SEARCH_PATHS = (
					"$(inherited)",
					/usr/local/Cellar/glfw/3.2.1/lib,
					/usr/local/Cellar/glew/2.1.0/lib,
				);
				PRODUCT_NAME = "$(TARGET_NAME)";
			};
			name = Release;
		};
/* End XCBuildConfiguration section */

/* Begin XCConfigurationList section */
		9F5DDFAD2128F3A30071CBC7 /* Build configuration list for PBXProject "Simulation" */ = {
			isa = XCConfigurationList;
			buildConfigurations = (
				9F5DDFB72128F3A30071CBC7 /* Debug */,
				9F5DDFB82128F3A30071CBC7 /* Release */,
			);
			defaultConfigurationIsVisible = 0;
			defaultConfigurationName = Release;
		};
		9F5DDFB92128F3A30071CBC7 /* Build configuration list for PBXNativeTarget "Simulation" */ = {
			isa = XCConfigurationList;
			buildConfigurations = (
				9F5DDFBA2128F3A30071CBC7 /* Debug */,
				9F5DDFBB2128F3A30071CBC7 /* Release */,
			);
			defaultConfigurationIsVisible = 0;
			defaultConfigurationName = Release;
		};
/* End XCConfigurationList section */
	};
	rootObject = 9F5DDFAA2128F3A30071CBC7 /* Project object */;
}
